version = 1
revision = 3
requires-python = ">=3.12"

[[package]]
name = "colorama"
version = "0.4.6"
source = { registry = "https://pypi.org/simple" }
sdist = { url = "https://files.pythonhosted.org/packages/d8/53/6f443c9a4a8358a93a6792e2acffb9d9d5cb0a5cfd8802644b7b1c9a02e4/colorama-0.4.6.tar.gz", hash = "sha256:08695f5cb7ed6e0531a20572697297273c47b8cae5a63ffc6d6ed5c201be6e44", size = 27697, upload-time = "2022-10-25T02:36:22.414Z" }
wheels = [
    { url = "https://files.pythonhosted.org/packages/d1/d6/3965ed04c63042e047cb6a3e6ed1a63a35087b6a609aa3a15ed8ac56c221/colorama-0.4.6-py2.py3-none-any.whl", hash = "sha256:4f1d9991f5acc0ca119f9d443620b77f9d6b33703e51011c16baf57afb285fc6", size = 25335, upload-time = "2022-10-25T02:36:20.889Z" },
]

[[package]]
name = "emojisearcher"
version = "0.7.0"
source = { editable = "." }
dependencies = [
    { name = "pyperclip" },
    { name = "rich" },
]

[package.dev-dependencies]
dev = [
    { name = "prek" },
    { name = "pyrefly" },
    { name = "pytest" },
    { name = "ruff" },
    { name = "ty" },
]

[package.metadata]
requires-dist = [
    { name = "pyperclip", specifier = ">=1.8.2" },
    { name = "rich", specifier = ">=12.3.0" },
]

[package.metadata.requires-dev]
dev = [
    { name = "prek", specifier = ">=0.4.5" },
    { name = "pyrefly", specifier = ">=1.1.1" },
    { name = "pytest", specifier = ">=9.0.1" },
    { name = "ruff", specifier = ">=0.15.19" },
    { name = "ty", specifier = ">=0.0.1a29" },
]

[[package]]
name = "iniconfig"
version = "2.3.0"
source = { registry = "https://pypi.org/simple" }
sdist = { url = "https://files.pythonhosted.org/packages/72/34/14ca021ce8e5dfedc35312d08ba8bf51fdd999c576889fc2c24cb97f4f10/iniconfig-2.3.0.tar.gz", hash = "sha256:c76315c77db068650d49c5b56314774a7804df16fee4402c1f19d6d15d8c4730", size = 20503, upload-time = "2025-10-18T21:55:43.219Z" }
wheels = [
    { url = "https://files.pythonhosted.org/packages/cb/b1/3846dd7f199d53cb17f49cba7e651e9ce294d8497c8c150530ed11865bb8/iniconfig-2.3.0-py3-none-any.whl", hash = "sha256:f631c04d2c48c52b84d0d0549c99ff3859c98df65b3101406327ecc7d53fbf12", size = 7484, upload-time = "2025-10-18T21:55:41.639Z" },
]

[[package]]
name = "markdown-it-py"
version = "4.0.0"
source = { registry = "https://pypi.org/simple" }
dependencies = [
    { name = "mdurl" },
]
sdist = { url = "https://files.pythonhosted.org/packages/5b/f5/4ec618ed16cc4f8fb3b701563655a69816155e79e24a17b651541804721d/markdown_it_py-4.0.0.tar.gz", hash = "sha256:cb0a2b4aa34f932c007117b194e945bd74e0ec24133ceb5bac59009cda1cb9f3", size = 73070, upload-time = "2025-08-11T12:57:52.854Z" }
wheels = [
    { url = "https://files.pythonhosted.org/packages/94/54/e7d793b573f298e1c9013b8c4dade17d481164aa517d1d7148619c2cedbf/markdown_it_py-4.0.0-py3-none-any.whl", hash = "sha256:87327c59b172c5011896038353a81343b6754500a08cd7a4973bb48c6d578147", size = 87321, upload-time = "2025-08-11T12:57:51.923Z" },
]

[[package]]
name = "mdurl"
version = "0.1.2"
source = { registry = "https://pypi.org/simple" }
sdist = { url = "https://files.pythonhosted.org/packages/d6/54/cfe61301667036ec958cb99bd3efefba235e65cdeb9c84d24a8293ba1d90/mdurl-0.1.2.tar.gz", hash = "sha256:bb413d29f5eea38f31dd4754dd7377d4465116fb207585f97bf925588687c1ba", size = 8729, upload-time = "2022-08-14T12:40:10.846Z" }
wheels = [
    { url = "https://files.pythonhosted.org/packages/b3/38/89ba8ad64ae25be8de66a6d463314cf1eb366222074cfda9ee839c56a4b4/mdurl-0.1.2-py3-none-any.whl", hash = "sha256:84008a41e51615a49fc9966191ff91509e3c40b939176e643fd50a5c2196b8f8", size = 9979, upload-time = "2022-08-14T12:40:09.779Z" },
]

[[package]]
name = "packaging"
version = "25.0"
source = { registry = "https://pypi.org/simple" }
sdist = { url = "https://files.pythonhosted.org/packages/a1/d4/1fc4078c65507b51b96ca8f8c3ba19e6a61c8253c72794544580a7b6c24d/packaging-25.0.tar.gz", hash = "sha256:d443872c98d677bf60f6a1f2f8c1cb748e8fe762d2bf9d3148b5599295b0fc4f", size = 165727, upload-time = "2025-04-19T11:48:59.673Z" }
wheels = [
    { url = "https://files.pythonhosted.org/packages/20/12/38679034af332785aac8774540895e234f4d07f7545804097de4b666afd8/packaging-25.0-py3-none-any.whl", hash = "sha256:29572ef2b1f17581046b3a2227d5c611fb25ec70ca1ba8554b24b0e69331a484", size = 66469, upload-time = "2025-04-19T11:48:57.875Z" },
]

[[package]]
name = "pluggy"
version = "1.6.0"
source = { registry = "https://pypi.org/simple" }
sdist = { url = "https://files.pythonhosted.org/packages/f9/e2/3e91f31a7d2b083fe6ef3fa267035b518369d9511ffab804f839851d2779/pluggy-1.6.0.tar.gz", hash = "sha256:7dcc130b76258d33b90f61b658791dede3486c3e6bfb003ee5c9bfb396dd22f3", size = 69412, upload-time = "2025-05-15T12:30:07.975Z" }
wheels = [
    { url = "https://files.pythonhosted.org/packages/54/20/4d324d65cc6d9205fabedc306948156824eb9f0ee1633355a8f7ec5c66bf/pluggy-1.6.0-py3-none-any.whl", hash = "sha256:e920276dd6813095e9377c0bc5566d94c932c33b27a3e3945d8389c374dd4746", size = 20538, upload-time = "2025-05-15T12:30:06.134Z" },
]

[[package]]
name = "prek"
version = "0.4.5"
source = { registry = "https://pypi.org/simple" }
sdist = { url = "https://files.pythonhosted.org/packages/2f/65/23866f43521d31173879aa74bb3a2df50ab7f3f74cdb4eaa31b8f446c7ca/prek-0.4.5.tar.gz", hash = "sha256:2be7bcf839de19a0144ed5a5aadf73bc5899cf6823bb1c58cf1d45ae389c201a", size = 482566, upload-time = "2026-06-15T11:36:48.299Z" }
wheels = [
    { url = "https://files.pythonhosted.org/packages/f4/cb/a9eedf9a35ca6ec72f12af2b4392d7f757bb24863b7b7af4523f939cf3fa/prek-0.4.5-py3-none-linux_armv6l.whl", hash = "sha256:f7517774c72b001573520dc7111156779fd3e5b4452c11f09ff53c71a067e835", size = 5618105, upload-time = "2026-06-15T11:36:21.998Z" },
    { url = "https://files.pythonhosted.org/packages/30/a7/c96c06f17db7da0a57be2be4c229aa00b525bca8001c9c765663b339cbb7/prek-0.4.5-py3-none-macosx_10_12_x86_64.whl", hash = "sha256:aca9fa995536036a0171bcf7a4db96dc0a14f480054eda1d7d1c2e7739650993", size = 5972998, upload-time = "2026-06-15T11:36:41.12Z" },
    { url = "https://files.pythonhosted.org/packages/28/f1/721695355cdaa44be6f091e3a77fb9c72ed60289520f78b2f8c9a7197bdd/prek-0.4.5-py3-none-macosx_11_0_arm64.whl", hash = "sha256:66877ff21ae9d548f0f7e56fab8e65f1500a74a810e7749188c3f35a4a1b911b", size = 5525098, upload-time = "2026-06-15T11:36:30.127Z" },
    { url = "https://files.pythonhosted.org/packages/9b/1b/a334e1bb5361b49adf52b5ac7b6532018940f9f0f253437e8f43c3c1f7f3/prek-0.4.5-py3-none-manylinux_2_17_aarch64.manylinux2014_aarch64.musllinux_1_1_aarch64.whl", hash = "sha256:50697089a86a78d16f087c1912a2f3bc2bea82319a220fac52cc8e3ec9fc0426", size = 5793732, upload-time = "2026-06-15T11:36:35.745Z" },
    { url = "https://files.pythonhosted.org/packages/28/8c/aff94d276e91207a87cedff7cfefdd4aca20444137cca77bf53fffebe77a/prek-0.4.5-py3-none-manylinux_2_17_armv7l.manylinux2014_armv7l.whl", hash = "sha256:590427a42a3c1e5064487a0dc91167ae0c8a52168e77f574758ef9b138fcfd61", size = 5521719, upload-time = "2026-06-15T11:36:39.383Z" },
    { url = "https://files.pythonhosted.org/packages/4f/73/cfb0c5c909442050a8357e26233f7e511ba8e0d2f4b0bdc460065d62beb6/prek-0.4.5-py3-none-manylinux_2_17_i686.manylinux2014_i686.whl", hash = "sha256:1fd98b986767dafdb6b4305b563ee5a3a8f13bd3c78b98d708626815ea9f147f", size = 5922623, upload-time = "2026-06-15T11:36:18.063Z" },
    { url = "https://files.pythonhosted.org/packages/0a/ad/ff9d26551ba80d190bd08c6341176a5d56d4e6de9c2ebf077793d4adbb78/prek-0.4.5-py3-none-manylinux_2_17_s390x.manylinux2014_s390x.whl", hash = "sha256:fccd11613ae92619d1ecda0ab3359ceebeb38898909ec84a8d383733d12158cc", size = 6722071, upload-time = "2026-06-15T11:36:43.086Z" },
    { url = "https://files.pythonhosted.org/packages/d3/43/11d1dfd66c919953fe89ae2fdedd4f413ee923883043816d35982177bb75/prek-0.4.5-py3-none-manylinux_2_17_x86_64.manylinux2014_x86_64.whl", hash = "sha256:14109d37b33e5529db41a3539d4f8f72d295f6eeddede3964994d898b8cec05c", size = 6176454, upload-time = "2026-06-15T11:36:33.803Z" },
    { url = "https://files.pythonhosted.org/packages/d7/d4/9749f25c2e0ee5225f812457b888acef301e0ccce64bebcda2ac1d04abee/prek-0.4.5-py3-none-manylinux_2_28_aarch64.whl", hash = "sha256:40d262418105b2ede9836593a1927fc927cc8093c432e998640964102196996e", size = 5791133, upload-time = "2026-06-15T11:36:23.891Z" },
    { url = "https://files.pythonhosted.org/packages/c7/72/5e0344bab1eacf813a5b1b082cb4c6253930096166dad51c1cccee0a4f83/prek-0.4.5-py3-none-manylinux_2_31_riscv64.whl", hash = "sha256:a586d14c3b852fdee1c3dcd0b9cb0915db9f9d054334b854fd9470bf68edf129", size = 5658098, upload-time = "2026-06-15T11:36:44.862Z" },
    { url = "https://files.pythonhosted.org/packages/be/a5/1f406e0362dd0f18ba09a562d50d7c04a70ac05d350b1ab6fba36ca3e9f0/prek-0.4.5-py3-none-musllinux_1_1_armv7l.whl", hash = "sha256:a8ed0d28f3e7790e4402a9324c386509066df6e67cc587f7406f9a245b97b7e8", size = 5498634, upload-time = "2026-06-15T11:36:31.828Z" },
    { url = "https://files.pythonhosted.org/packages/c7/df/b0cbf0fa527330188390b7b6c8d279cd5e509923262d0a6c5cc44bbdf103/prek-0.4.5-py3-none-musllinux_1_1_i686.whl", hash = "sha256:86f76bd3d2ecf6fd9034d75c62ff4c786eb11d0dd0a1f79bbb4343b023e12769", size = 5784840, upload-time = "2026-06-15T11:36:37.481Z" },
    { url = "https://files.pythonhosted.org/packages/9d/d7/977ee3c622c906677dd94187a00392ce2dd76035486b3a3b1b5a5267dd34/prek-0.4.5-py3-none-musllinux_1_1_x86_64.whl", hash = "sha256:e491a1a4641d91d8b03dcce5588397e76d2a5b432c9b0a6c70475972b4512ab4", size = 6300384, upload-time = "2026-06-15T11:36:27.602Z" },
    { url = "https://files.pythonhosted.org/packages/79/fa/43b1d761381dc1c7eeb8f2235c66e902970d4b2bff2dec0f02836c085769/prek-0.4.5-py3-none-win32.whl", hash = "sha256:7546989b2403c96137bd79d19ebfe21facb87266cefe819db2458c3b9b23f350", size = 5287935, upload-time = "2026-06-15T11:36:20.293Z" },
    { url = "https://files.pythonhosted.org/packages/f5/fe/59b5eb3124f5a4cc255a93857b9ab42402635b273f157e91de23bfa40e8f/prek-0.4.5-py3-none-win_amd64.whl", hash = "sha256:8b2ac9227504371d97338215b344184cb0b31ca94113515a3a90c509c6c5a707", size = 5682560, upload-time = "2026-06-15T11:36:25.865Z" },
    { url = "https://files.pythonhosted.org/packages/97/0e/589ff0eab9034909b1ec8654ee03483797305fb743b3554ce6140d82da9d/prek-0.4.5-py3-none-win_arm64.whl", hash = "sha256:646a86a1a082dbd99fed96314b1064f5644bb34c1f4037a63547a18e2160fb86", size = 5509019, upload-time = "2026-06-15T11:36:46.595Z" },
]

[[package]]
name = "pygments"
version = "2.19.2"
source = { registry = "https://pypi.org/simple" }
sdist = { url = "https://files.pythonhosted.org/packages/b0/77/a5b8c569bf593b0140bde72ea885a803b82086995367bf2037de0159d924/pygments-2.19.2.tar.gz", hash = "sha256:636cb2477cec7f8952536970bc533bc43743542f70392ae026374600add5b887", size = 4968631, upload-time = "2025-06-21T13:39:12.283Z" }
wheels = [
    { url = "https://files.pythonhosted.org/packages/c7/21/705964c7812476f378728bdf590ca4b771ec72385c533964653c68e86bdc/pygments-2.19.2-py3-none-any.whl", hash = "sha256:86540386c03d588bb81d44bc3928634ff26449851e99741617ecb9037ee5ec0b", size = 1225217, upload-time = "2025-06-21T13:39:07.939Z" },
]

[[package]]
name = "pyperclip"
version = "1.11.0"
source = { registry = "https://pypi.org/simple" }
sdist = { url = "https://files.pythonhosted.org/packages/e8/52/d87eba7cb129b81563019d1679026e7a112ef76855d6159d24754dbd2a51/pyperclip-1.11.0.tar.gz", hash = "sha256:244035963e4428530d9e3a6101a1ef97209c6825edab1567beac148ccc1db1b6", size = 12185, upload-time = "2025-09-26T14:40:37.245Z" }
wheels = [
    { url = "https://files.pythonhosted.org/packages/df/80/fc9d01d5ed37ba4c42ca2b55b4339ae6e200b456be3a1aaddf4a9fa99b8c/pyperclip-1.11.0-py3-none-any.whl", hash = "sha256:299403e9ff44581cb9ba2ffeed69c7aa96a008622ad0c46cb575ca75b5b84273", size = 11063, upload-time = "2025-09-26T14:40:36.069Z" },
]

[[package]]
name = "pyrefly"
version = "1.1.1"
source = { registry = "https://pypi.org/simple" }
sdist = { url = "https://files.pythonhosted.org/packages/8e/20/976165fa4b1517a1a92f393b3f4d4badabfff1165eff09d4cd4908428183/pyrefly-1.1.1.tar.gz", hash = "sha256:6deda959f8603a7dbdf112c48983e2275b2903cf33c8c739ed65d7e71a4fd520", size = 5880491, upload-time = "2026-06-18T23:45:43.785Z" }
wheels = [
    { url = "https://files.pythonhosted.org/packages/b5/d6/02ba666018c6a1cb4ddfa2db98ada721adddd374db5c29ba47a0bf2637fa/pyrefly-1.1.1-py3-none-macosx_10_12_x86_64.whl", hash = "sha256:f4b8595f91885bc8b5e3c282ab68d1df21201668a84e6508b1e15f2feec0bb8d", size = 13631867, upload-time = "2026-06-18T23:45:13.923Z" },
    { url = "https://files.pythonhosted.org/packages/71/47/7a3457dbbddb513a83cf4fe527d5d5ebda5201a1010ad2a6034030e3e358/pyrefly-1.1.1-py3-none-macosx_11_0_arm64.whl", hash = "sha256:d6b238e1362622d47a6eb5af704fd8b613c94e8c303386efd6350e3da59fecc8", size = 13075304, upload-time = "2026-06-18T23:45:16.865Z" },
    { url = "https://files.pythonhosted.org/packages/84/df/70f4b3f42d58ed686a80df31e04eca54d88036cea4f9b96195c64ad0b2b5/pyrefly-1.1.1-py3-none-manylinux_2_17_aarch64.manylinux2014_aarch64.whl", hash = "sha256:b50d4510e4f8aaea79e2c4b343a4d7a060c9451c0b2aa9bfe10d7ca1ef33d68d", size = 13446966, upload-time = "2026-06-18T23:45:19.644Z" },
    { url = "https://files.pythonhosted.org/packages/3c/53/12a19bd6c7af985bcbc13c6910d0f9f6684069ead2282a5c08c2bfbb5d03/pyrefly-1.1.1-py3-none-manylinux_2_17_i686.manylinux2014_i686.whl", hash = "sha256:f330cf039ef3da3b910c84f3a7e431f0cf8d0c1d2dad26491d6cadf3c7cd4759", size = 14449222, upload-time = "2026-06-18T23:45:22.252Z" },
    { url = "https://files.pythonhosted.org/packages/93/f0/e55c48a50076fc0f9ecf4bdedec50456db383e01162f5e2121f8468be071/pyrefly-1.1.1-py3-none-manylinux_2_17_ppc64le.manylinux2014_ppc64le.whl", hash = "sha256:a6342d87c52b04f72156da04f554c4d57f3616f2b32d1763969efb22d05a1407", size = 14472947, upload-time = "2026-06-18T23:45:24.858Z" },
    { url = "https://files.pythonhosted.org/packages/b6/e7/30e085b31fed978ecb675bdbb54df566673ab550469e5af2d350f6af0be6/pyrefly-1.1.1-py3-none-manylinux_2_17_x86_64.manylinux2014_x86_64.whl", hash = "sha256:c08b814ad03175e9cf47111390537161828b472044c39ab3320252b3ac6b2edd", size = 13975252, upload-time = "2026-06-18T23:45:27.247Z" },
    { url = "https://files.pythonhosted.org/packages/47/58/49c3e67641133d3fe5d8d9a660dc0826c6c37ca197d86cad05fa7dd8bfd6/pyrefly-1.1.1-py3-none-musllinux_1_2_aarch64.whl", hash = "sha256:d50cad97f19fc893b04deff7239626cffff5dd27ffb29b7d303a1b770247b208", size = 13471780, upload-time = "2026-06-18T23:45:29.775Z" },
    { url = "https://files.pythonhosted.org/packages/71/1e/65a7ba8355e2c39d8331832905fb74dcc85fc122a3f1dfd6dbf2a88907ad/pyrefly-1.1.1-py3-none-musllinux_1_2_x86_64.whl", hash = "sha256:2150b450ee6a6bcbe69b2d45d9a4ebc934a609e1abcf65e490433f38eb873d84", size = 13989306, upload-time = "2026-06-18T23:45:32.576Z" },
    { url = "https://files.pythonhosted.org/packages/37/de/b7ee1ab2392c36945738246fba7524439810befa3cfcc03cb6157567fc10/pyrefly-1.1.1-py3-none-win32.whl", hash = "sha256:5ffd8a8ed62fe4e6bf0afe1837d1bad149bb3b9f80e928ef248c96b836db3742", size = 12608469, upload-time = "2026-06-18T23:45:35.419Z" },
    { url = "https://files.pythonhosted.org/packages/a6/9c/a0f5b52934bf80e9c7eff08222e7caf318287b9aef76acb8d9ac5740581b/pyrefly-1.1.1-py3-none-win_amd64.whl", hash = "sha256:4e0430f3ef69c8ac73505fd6584db70ed504665a9f0816fef7f723de510f26cb", size = 13502172, upload-time = "2026-06-18T23:45:38.375Z" },
    { url = "https://files.pythonhosted.org/packages/42/3d/4c6bcb3d456835f51445d3662a428f56c3ea5643ec798c577030ae34298c/pyrefly-1.1.1-py3-none-win_arm64.whl", hash = "sha256:83baf0db71e172665db1fca0ced50b8f7773f5192ca57e8ac6773a772b6d2fc5", size = 12895979, upload-time = "2026-06-18T23:45:41.026Z" },
]

[[package]]
name = "pytest"
version = "9.0.1"
source = { registry = "https://pypi.org/simple" }
dependencies = [
    { name = "colorama", marker = "sys_platform == 'win32'" },
    { name = "iniconfig" },
    { name = "packaging" },
    { name = "pluggy" },
    { name = "pygments" },
]
sdist = { url = "https://files.pythonhosted.org/packages/07/56/f013048ac4bc4c1d9be45afd4ab209ea62822fb1598f40687e6bf45dcea4/pytest-9.0.1.tar.gz", hash = "sha256:3e9c069ea73583e255c3b21cf46b8d3c56f6e3a1a8f6da94ccb0fcf57b9d73c8", size = 1564125, upload-time = "2025-11-12T13:05:09.333Z" }
wheels = [
    { url = "https://files.pythonhosted.org/packages/0b/8b/6300fb80f858cda1c51ffa17075df5d846757081d11ab4aa35cef9e6258b/pytest-9.0.1-py3-none-any.whl", hash = "sha256:67be0030d194df2dfa7b556f2e56fb3c3315bd5c8822c6951162b92b32ce7dad", size = 373668, upload-time = "2025-11-12T13:05:07.379Z" },
]

[[package]]
name = "rich"
version = "14.2.0"
source = { registry = "https://pypi.org/simple" }
dependencies = [
    { name = "markdown-it-py" },
    { name = "pygments" },
]
sdist = { url = "https://files.pythonhosted.org/packages/fb/d2/8920e102050a0de7bfabeb4c4614a49248cf8d5d7a8d01885fbb24dc767a/rich-14.2.0.tar.gz", hash = "sha256:73ff50c7c0c1c77c8243079283f4edb376f0f6442433aecb8ce7e6d0b92d1fe4", size = 219990, upload-time = "2025-10-09T14:16:53.064Z" }
wheels = [
    { url = "https://files.pythonhosted.org/packages/25/7a/b0178788f8dc6cafce37a212c99565fa1fe7872c70c6c9c1e1a372d9d88f/rich-14.2.0-py3-none-any.whl", hash = "sha256:76bc51fe2e57d2b1be1f96c524b890b816e334ab4c1e45888799bfaab0021edd", size = 243393, upload-time = "2025-10-09T14:16:51.245Z" },
]

[[package]]
name = "ruff"
version = "0.15.19"
source = { registry = "https://pypi.org/simple" }
sdist = { url = "https://files.pythonhosted.org/packages/d5/e6/15800dfde183a1a106594016c912b4c12d050a301989d1aca6cb63759fe8/ruff-0.15.19.tar.gz", hash = "sha256:edc27f7172a93b32b102687009d6a588508815072141543ae603a8b9b0823063", size = 4772071, upload-time = "2026-06-24T01:10:46.942Z" }
wheels = [
    { url = "https://files.pythonhosted.org/packages/88/4c/9ded7626c39a0440c575bf69e2bf500d443388272c842662c59852ee7fcd/ruff-0.15.19-py3-none-linux_armv6l.whl", hash = "sha256:922d1eb283161564759bd49f507e91dc6112c15da8bd5b84ed714e086243cf86", size = 10950859, upload-time = "2026-06-24T01:10:38.491Z" },
    { url = "https://files.pythonhosted.org/packages/fb/ef/c211505ece1d00ef493d58e54e3b6383c946a21e9874774eb531f2512cf3/ruff-0.15.19-py3-none-macosx_10_12_x86_64.whl", hash = "sha256:4d190d8f62a0b94aba8f721116538a9ee29b1e74d26650846ba9b99f0ae21c40", size = 11294529, upload-time = "2026-06-24T01:10:36.481Z" },
    { url = "https://files.pythonhosted.org/packages/fe/93/78d462e7d39968e58094dc57be7d09ffb14ce37da5b68ed70338a35a1f21/ruff-0.15.19-py3-none-macosx_11_0_arm64.whl", hash = "sha256:5a2c86ba6870dd415a9d9eb8be94d7924ebec6a26ffc7958ec7ca29d4bff967d", size = 10641416, upload-time = "2026-06-24T01:10:48.923Z" },
    { url = "https://files.pythonhosted.org/packages/76/c4/5cb66cfd1f865d5cca908b86c93ac785e7f572193d3c7426079ca6643e24/ruff-0.15.19-py3-none-manylinux_2_17_aarch64.manylinux2014_aarch64.whl", hash = "sha256:82b432bc087264aea70fd25ac198918b70bd9e2aa0db4297b0bb91bbfbbc63ce", size = 11015582, upload-time = "2026-06-24T01:10:30.089Z" },
    { url = "https://files.pythonhosted.org/packages/51/9f/8ecfaec10cf5eecd28fbc00ff4fb867db90a1be54bf3d39ebf93f893cd52/ruff-0.15.19-py3-none-manylinux_2_17_armv7l.manylinux2014_armv7l.whl", hash = "sha256:8530a09d03b3a8c994f8b559a7dcdabc690bcd3f78ef276c38c83166798ebf56", size = 10744059, upload-time = "2026-06-24T01:10:32.48Z" },
    { url = "https://files.pythonhosted.org/packages/35/6b/983249d04562bc2d590edd75f32455cdb473affb3ba4bc8d883e939c697d/ruff-0.15.19-py3-none-manylinux_2_17_i686.manylinux2014_i686.whl", hash = "sha256:87bf21fb3875fe69f0eacc825411657e2e85589cce633c35c0adf1113649c62b", size = 11568461, upload-time = "2026-06-24T01:10:17.435Z" },
    { url = "https://files.pythonhosted.org/packages/eb/39/bc7794f127b18f492a3b4ee82bba5a900c985ff13b72b46f46e3c171ba34/ruff-0.15.19-py3-none-manylinux_2_17_ppc64le.manylinux2014_ppc64le.whl", hash = "sha256:f9b229cb3ef56ecc2c1c8ebeca64b7a7740ccaef40a9eb097e78dde5a8560b83", size = 12429690, upload-time = "2026-06-24T01:10:40.638Z" },
    { url = "https://files.pythonhosted.org/packages/0a/3b/0de6859e698ed11c8a49e765196c8d333599b6a546c0715df39b6ba1aa2e/ruff-0.15.19-py3-none-manylinux_2_17_s390x.manylinux2014_s390x.whl", hash = "sha256:c6c754515be7b76afe6e7e62df7776709571bcfc1631183828afcf3bafa869e3", size = 11693067, upload-time = "2026-06-24T01:10:25.681Z" },
    { url = "https://files.pythonhosted.org/packages/89/3d/0b1f30f84bee9ae6ae8d349c2ba8b6f4b040966744efdd3acc804ae7c024/ruff-0.15.19-py3-none-manylinux_2_17_x86_64.manylinux2014_x86_64.whl", hash = "sha256:6a498f82e0f4d8904c4e0aea5139cdfac1f39d19a3c51d491292f63a36e83b2e", size = 11616911, upload-time = "2026-06-24T01:10:44.809Z" },
    { url = "https://files.pythonhosted.org/packages/4d/eb/c90bd3dfc12eed9032c2c1bfe05105b93a1b2c8bce555db6308315b853ce/ruff-0.15.19-py3-none-manylinux_2_31_riscv64.whl", hash = "sha256:d48caa34488fb521fd0ef4aea2b0e8fe758298df044138f0d67b687a6a0d07ed", size = 11649343, upload-time = "2026-06-24T01:10:23.472Z" },
    { url = "https://files.pythonhosted.org/packages/82/91/01caa13602a2f12fae5edbe8caf78b3c1e6db1293132aee6959eecce095c/ruff-0.15.19-py3-none-musllinux_1_2_aarch64.whl", hash = "sha256:4171b6613effa9363cd46dd4f75bd1827b6d1b946b5e278ed0c600d305379445", size = 10977610, upload-time = "2026-06-24T01:10:50.892Z" },
    { url = "https://files.pythonhosted.org/packages/3c/51/acb817922feab9ecbb3201377d4dbe7a25f1395e46545820061973f03468/ruff-0.15.19-py3-none-musllinux_1_2_armv7l.whl", hash = "sha256:27c15b2a241dd4d995557949a094fe78b8ad99122a38ccae1595849bcc947b3f", size = 10744900, upload-time = "2026-06-24T01:10:42.726Z" },
    { url = "https://files.pythonhosted.org/packages/84/bc/5c8ca46b8a7a3f2b16cfbec88721d772b1c93912904e8f8c2e49470fea63/ruff-0.15.19-py3-none-musllinux_1_2_i686.whl", hash = "sha256:ed03b7862d68f0a8771d50ee129980cbf1b113f96e250b73954bc292f689e0bb", size = 11293560, upload-time = "2026-06-24T01:10:21.262Z" },
    { url = "https://files.pythonhosted.org/packages/81/e0/4a888cbe4d5523b3f77a2b1fa043f46cfeba1b32eac35dcfadee0578fa8a/ruff-0.15.19-py3-none-musllinux_1_2_x86_64.whl", hash = "sha256:08143f0685ae278b30727ea72e90c61e5bd9c31b91aac4f5bb989538f73d24b8", size = 11696533, upload-time = "2026-06-24T01:10:53.046Z" },
    { url = "https://files.pythonhosted.org/packages/98/43/c34b2fcd79262a85161764a97aaca89c3e4f574340ab61430cefa2bdd2c1/ruff-0.15.19-py3-none-win32.whl", hash = "sha256:8f47f0f92952af2557212bb10cf3e695cd4cf28b2c6e42cdb18ec6c9ebfa19da", size = 10986299, upload-time = "2026-06-24T01:10:55.185Z" },
    { url = "https://files.pythonhosted.org/packages/22/e8/15fd23e02b2442b56b2026b455977bc3057aa34b26e6323d1e99e8531a9f/ruff-0.15.19-py3-none-win_amd64.whl", hash = "sha256:efeca47ee3f9d4a7162655a3b8e6ee4a878646044233978d4d2c1ff8cdd914f0", size = 12123473, upload-time = "2026-06-24T01:10:27.74Z" },
    { url = "https://files.pythonhosted.org/packages/30/66/9a73695e31eaee04f35d8475998bf8ab354465f9c638936d76111603dcc5/ruff-0.15.19-py3-none-win_arm64.whl", hash = "sha256:6c6b607466e47349332eb1d9be52fb1467423fc07c217341af41cd0f3f0573be", size = 11376779, upload-time = "2026-06-24T01:10:34.465Z" },
]

[[package]]
name = "ty"
version = "0.0.1a29"
source = { registry = "https://pypi.org/simple" }
sdist = { url = "https://files.pythonhosted.org/packages/82/e1/1a75c95fbb284954b2f6fbbf7fbf1d35f531f50ebe93b23cf53145d1bc1d/ty-0.0.1a29.tar.gz", hash = "sha256:43bb55fd467a057880d62ad4bbb048223fd4fba7d8e4d7d5372a0f4881da83fe", size = 4624122, upload-time = "2025-11-28T20:23:51.728Z" }
wheels = [
    { url = "https://files.pythonhosted.org/packages/be/49/35034e045ef27ebf220de742c092b1982902740c3ca151ad2072035df77a/ty-0.0.1a29-py3-none-linux_armv6l.whl", hash = "sha256:0276e8e0779046d464dec8415c240cc76b22e22c8c22c227dec2d79395f037be", size = 9581368, upload-time = "2025-11-28T20:24:07.099Z" },
    { url = "https://files.pythonhosted.org/packages/c4/76/350ab2592984907a7ed4a887b4e041ce4afe002ca0dff796c81e06b66e1d/ty-0.0.1a29-py3-none-macosx_10_12_x86_64.whl", hash = "sha256:4a47afe9be12667ff521a0f2ed5a0873fb85c1f8330a6680e0e3366f016e3e42", size = 9371567, upload-time = "2025-11-28T20:23:49.634Z" },
    { url = "https://files.pythonhosted.org/packages/7d/f6/27977a0206c9914a2b2be5a96c155cd38cf976492388b58ad09e14c42050/ty-0.0.1a29-py3-none-macosx_11_0_arm64.whl", hash = "sha256:c0041f1c36fac2099bc61aa8cdad18d890ceb15544ba33f522f9967372fb3b82", size = 8889114, upload-time = "2025-11-28T20:23:42.492Z" },
    { url = "https://files.pythonhosted.org/packages/34/1b/4f3c20ae1dac6cdc1c42f020a9fd37733f695bff13c4759ba4d84d1dcd51/ty-0.0.1a29-py3-none-manylinux_2_17_aarch64.manylinux2014_aarch64.whl", hash = "sha256:46ed30fafdde93968f033bbdd3576f068ebe979c65fd2fcc166b1cff00097e5c", size = 9172880, upload-time = "2025-11-28T20:23:53.906Z" },
    { url = "https://files.pythonhosted.org/packages/fb/76/a671e3e560f37a3f82979637ec362d66363a94e5f23c99cf4f16a9fc737b/ty-0.0.1a29-py3-none-manylinux_2_17_armv7l.manylinux2014_armv7l.whl", hash = "sha256:3814a7bd8b38d761ea621bf9ae7d1d38a7dde514d9f0e07fb2e70ea5aeeea0f5", size = 9377768, upload-time = "2025-11-28T20:24:11.365Z" },
    { url = "https://files.pythonhosted.org/packages/2b/f3/44b03bb0d96451c473a15bb2ab1dbd828b73f2f3c98f8991c8ac2f8a8083/ty-0.0.1a29-py3-none-manylinux_2_17_i686.manylinux2014_i686.whl", hash = "sha256:466f9eedee4fe17f6d1da352e5174374c935facf3dd4a6c6d301891864ac1797", size = 9756864, upload-time = "2025-11-28T20:24:03.523Z" },
    { url = "https://files.pythonhosted.org/packages/0f/75/056a750c4db3326825e0ba009b018892fff47b56efee8e648e01410f9199/ty-0.0.1a29-py3-none-manylinux_2_17_ppc64.manylinux2014_ppc64.whl", hash = "sha256:dc47493923c850ebc3a545b4d738da9924361cc9a9c67fbf4b49786462c5998e", size = 10390516, upload-time = "2025-11-28T20:23:44.891Z" },
    { url = "https://files.pythonhosted.org/packages/9d/1b/e2a764f84cf71ccb65671ce7678fa787d1a73bfffa4804f443c642c691aa/ty-0.0.1a29-py3-none-manylinux_2_17_ppc64le.manylinux2014_ppc64le.whl", hash = "sha256:91acf7c35f655c1cb38b7029dc09330fccbc5d18fffb0ecbd7f218518d5fb8d3", size = 10135269, upload-time = "2025-11-28T20:23:59.584Z" },
    { url = "https://files.pythonhosted.org/packages/c9/46/6a7db14e584bd1b3da6b21a02190e218ddc3720a5b699b56039d142c4674/ty-0.0.1a29-py3-none-manylinux_2_17_s390x.manylinux2014_s390x.whl", hash = "sha256:a3260e3524d038c08234d77c0b8aecd8c12096ec6df153960591dedbd5688078", size = 10161544, upload-time = "2025-11-28T20:23:47.514Z" },
    { url = "https://files.pythonhosted.org/packages/52/9e/04dfd308788117fe04cc6fe85612ea2945d852c1c9c80150f5aae0d7fe0c/ty-0.0.1a29-py3-none-manylinux_2_17_x86_64.manylinux2014_x86_64.whl", hash = "sha256:2fc361cc48f901727a5f7a05cede0102cd4d1eba4aebc6269cb8ec7db23e6c86", size = 9706468, upload-time = "2025-11-28T20:24:13.565Z" },
    { url = "https://files.pythonhosted.org/packages/3f/86/3c0e21b7d7a4f721f5eb35542ed672c790ef3c0570f5665ff26bad4f3c69/ty-0.0.1a29-py3-none-musllinux_1_2_aarch64.whl", hash = "sha256:8ef39318e49f0cf7f7d1de79003c0939749dc0bb5e3a54c8c3a15d0c6950dc8f", size = 9142491, upload-time = "2025-11-28T20:24:01.311Z" },
    { url = "https://files.pythonhosted.org/packages/0e/a8/55ce8472174efe1d53a6f25c8e325894e121471ecf4332957c941a503cef/ty-0.0.1a29-py3-none-musllinux_1_2_armv7l.whl", hash = "sha256:c6f4288b96d37d714542f2e8475d3822be427ebc573a85fc374c1eda7f0381fc", size = 9405392, upload-time = "2025-11-28T20:23:56.368Z" },
    { url = "https://files.pythonhosted.org/packages/46/a6/2889a049257b0dd5c41ee0ca4c0081959b46184338ed378743f45c3d997d/ty-0.0.1a29-py3-none-musllinux_1_2_i686.whl", hash = "sha256:e0fb272452129ba2cd1445a596a4a85c94ec52cb58fb800ed19a3056d8aa84d5", size = 9516865, upload-time = "2025-11-28T20:24:05.247Z" },
    { url = "https://files.pythonhosted.org/packages/50/78/35e5bdce73d9f631a14cb838b024377a5c7fcc73a2254a993e9060247d52/ty-0.0.1a29-py3-none-musllinux_1_2_x86_64.whl", hash = "sha256:fb6d3ac94a95e86d6f3bc9e39b8e7a3e300be4224b1ac7984ccb3136dfa41d77", size = 9815887, upload-time = "2025-11-28T20:24:08.895Z" },
    { url = "https://files.pythonhosted.org/packages/95/f9/6bb402efa8ad252d5e6b39eeb2a920ef85792c9602617bf391df7c40313a/ty-0.0.1a29-py3-none-win32.whl", hash = "sha256:fb4df9f8bf401a42019526c0da72e26de1b9dab3188d1df59ec6ecbd15edce4a", size = 9029263, upload-time = "2025-11-28T20:24:18.057Z" },
    { url = "https://files.pythonhosted.org/packages/be/f0/3e314ee1a369eba776f3f8e9fac535b9703127097b7e52de5aba025d5c99/ty-0.0.1a29-py3-none-win_amd64.whl", hash = "sha256:3908a8b12616c52520bc7dc1a14732c3b86181125b1326444fc37049d2a20c37", size = 9875790, upload-time = "2025-11-28T20:24:15.884Z" },
    { url = "https://files.pythonhosted.org/packages/af/c2/37d81529242602cd486cd112a93312874948d276515e5fb0718b0f99758d/ty-0.0.1a29-py3-none-win_arm64.whl", hash = "sha256:999ae9077f153fd1804b840d21d904850b9047e361a6a67da8d06dadf94a189a", size = 9373509, upload-time = "2025-11-28T20:24:19.941Z" },
]
